<?xml version="1.0" encoding="utf-8"?>
<Project ToolsVersion="4.0" xmlns="http://schemas.microsoft.com/developer/msbuild/2003">
  <ItemGroup>
    <ClCompile Include="test.cpp" />
    <ClCompile Include="list_test.cpp">
      <Filter>Source files from TaskA</Filter>
    </ClCompile>
    <ClCompile Include="skip_list_test.cpp">
      <Filter>Source files from TaskA</Filter>
    </ClCompile>
  </ItemGroup>
  <ItemGroup>
    <Filter Include="Source files from TaskA">
      <UniqueIdentifier>{ee40f4fd-6880-4123-a7f9-dcad67be72da}</UniqueIdentifier>
    </Filter>
  </ItemGroup>
</Project>