<?xml version="1.0" encoding="utf-8"?>
<Project ToolsVersion="4.0" xmlns="http://schemas.microsoft.com/developer/msbuild/2003">
  <ItemGroup>
    <ClCompile Include="test.cpp" />
    <ClCompile Include="pch.cpp" />
    <ClCompile Include="tree.c">
      <Filter>tree</Filter>
    </ClCompile>
  </ItemGroup>
  <ItemGroup>
    <ClInclude Include="pch.h" />
    <ClInclude Include="tree.h">
      <Filter>tree</Filter>
    </ClInclude>
  </ItemGroup>
  <ItemGroup>
    <Filter Include="tree">
      <UniqueIdentifier>{873ecc69-25e8-4724-ae99-8452c7485ddb}</UniqueIdentifier>
    </Filter>
  </ItemGroup>
</Project>