
Microsoft Visual Studio Solution File, Format Version 12.00
# Visual Studio Version 16
VisualStudioVersion = 16.0.30413.136
MinimumVisualStudioVersion = 10.0.40219.1
Project("{8BC9CEB8-8B4A-11D0-8D11-00A0C91BC942}") = "test_tree", "test_tree.vcxproj", "{21A34B77-1BA8-4D3E-BCE6-8E9F4C766946}"
EndProject
Global
	GlobalSection(SolutionConfigurationPlatforms) = preSolution
		Debug|x64 = Debug|x64
		Debug|x86 = Debug|x86
		Release|x64 = Release|x64
		Release|x86 = Release|x86
	EndGlobalSection
	GlobalSection(ProjectConfigurationPlatforms) = postSolution
		{21A34B77-1BA8-4D3E-BCE6-8E9F4C766946}.Debug|x64.ActiveCfg = Debug|x64
		{21A34B77-1BA8-4D3E-BCE6-8E9F4C766946}.Debug|x64.Build.0 = Debug|x64
		{21A34B77-1BA8-4D3E-BCE6-8E9F4C766946}.Debug|x86.ActiveCfg = Debug|Win32
		{21A34B77-1BA8-4D3E-BCE6-8E9F4C766946}.Debug|x86.Build.0 = Debug|Win32
		{21A34B77-1BA8-4D3E-BCE6-8E9F4C766946}.Release|x64.ActiveCfg = Release|x64
		{21A34B77-1BA8-4D3E-BCE6-8E9F4C766946}.Release|x64.Build.0 = Release|x64
		{21A34B77-1BA8-4D3E-BCE6-8E9F4C766946}.Release|x86.ActiveCfg = Release|Win32
		{21A34B77-1BA8-4D3E-BCE6-8E9F4C766946}.Release|x86.Build.0 = Release|Win32
	EndGlobalSection
	GlobalSection(SolutionProperties) = preSolution
		HideSolutionNode = FALSE
	EndGlobalSection
	GlobalSection(ExtensibilityGlobals) = postSolution
		SolutionGuid = {F1E37673-54C5-4CF2-A8A7-AB9371A67489}
	EndGlobalSection
EndGlobal
