
Microsoft Visual Studio Solution File, Format Version 12.00
# Visual Studio Version 16
VisualStudioVersion = 16.0.30717.126
MinimumVisualStudioVersion = 10.0.40219.1
Project("{8BC9CEB8-8B4A-11D0-8D11-00A0C91BC942}") = "LAB-C", "LAB-C.vcxproj", "{937E5299-68CA-4F83-980B-8FF4054803B4}"
EndProject
Project("{8BC9CEB8-8B4A-11D0-8D11-00A0C91BC942}") = "DFC_test", "..\DFC_test\DFC_test.vcxproj", "{CB9593F2-FEFA-4369-B4ED-F6F6EA56EAA3}"
EndProject
Global
	GlobalSection(SolutionConfigurationPlatforms) = preSolution
		Debug|x64 = Debug|x64
		Debug|x86 = Debug|x86
		Release|x64 = Release|x64
		Release|x86 = Release|x86
	EndGlobalSection
	GlobalSection(ProjectConfigurationPlatforms) = postSolution
		{937E5299-68CA-4F83-980B-8FF4054803B4}.Debug|x64.ActiveCfg = Debug|x64
		{937E5299-68CA-4F83-980B-8FF4054803B4}.Debug|x64.Build.0 = Debug|x64
		{937E5299-68CA-4F83-980B-8FF4054803B4}.Debug|x86.ActiveCfg = Debug|Win32
		{937E5299-68CA-4F83-980B-8FF4054803B4}.Debug|x86.Build.0 = Debug|Win32
		{937E5299-68CA-4F83-980B-8FF4054803B4}.Release|x64.ActiveCfg = Release|x64
		{937E5299-68CA-4F83-980B-8FF4054803B4}.Release|x64.Build.0 = Release|x64
		{937E5299-68CA-4F83-980B-8FF4054803B4}.Release|x86.ActiveCfg = Release|Win32
		{937E5299-68CA-4F83-980B-8FF4054803B4}.Release|x86.Build.0 = Release|Win32
		{CB9593F2-FEFA-4369-B4ED-F6F6EA56EAA3}.Debug|x64.ActiveCfg = Debug|x64
		{CB9593F2-FEFA-4369-B4ED-F6F6EA56EAA3}.Debug|x64.Build.0 = Debug|x64
		{CB9593F2-FEFA-4369-B4ED-F6F6EA56EAA3}.Debug|x86.ActiveCfg = Debug|Win32
		{CB9593F2-FEFA-4369-B4ED-F6F6EA56EAA3}.Debug|x86.Build.0 = Debug|Win32
		{CB9593F2-FEFA-4369-B4ED-F6F6EA56EAA3}.Release|x64.ActiveCfg = Release|x64
		{CB9593F2-FEFA-4369-B4ED-F6F6EA56EAA3}.Release|x64.Build.0 = Release|x64
		{CB9593F2-FEFA-4369-B4ED-F6F6EA56EAA3}.Release|x86.ActiveCfg = Release|Win32
		{CB9593F2-FEFA-4369-B4ED-F6F6EA56EAA3}.Release|x86.Build.0 = Release|Win32
	EndGlobalSection
	GlobalSection(SolutionProperties) = preSolution
		HideSolutionNode = FALSE
	EndGlobalSection
	GlobalSection(ExtensibilityGlobals) = postSolution
		SolutionGuid = {AA579E3F-4B5A-414B-B743-F857FBB84F21}
	EndGlobalSection
EndGlobal
