
Microsoft Visual Studio Solution File, Format Version 12.00
# Visual Studio Version 16
VisualStudioVersion = 16.0.30204.135
MinimumVisualStudioVersion = 10.0.40219.1
Project("{8BC9CEB8-8B4A-11D0-8D11-00A0C91BC942}") = "Alg_Lab_B", "Alg_Lab_B\Alg_Lab_B.vcxproj", "{7948B1FB-3683-43F1-926F-1BB63F7F0B8E}"
EndProject
Project("{8BC9CEB8-8B4A-11D0-8D11-00A0C91BC942}") = "test", "test\test.vcxproj", "{AC6052C5-A998-49EE-8972-3EE5D2AA912E}"
EndProject
Global
	GlobalSection(SolutionConfigurationPlatforms) = preSolution
		Debug|x64 = Debug|x64
		Debug|x86 = Debug|x86
		Release|x64 = Release|x64
		Release|x86 = Release|x86
	EndGlobalSection
	GlobalSection(ProjectConfigurationPlatforms) = postSolution
		{7948B1FB-3683-43F1-926F-1BB63F7F0B8E}.Debug|x64.ActiveCfg = Debug|x64
		{7948B1FB-3683-43F1-926F-1BB63F7F0B8E}.Debug|x64.Build.0 = Debug|x64
		{7948B1FB-3683-43F1-926F-1BB63F7F0B8E}.Debug|x86.ActiveCfg = Debug|Win32
		{7948B1FB-3683-43F1-926F-1BB63F7F0B8E}.Debug|x86.Build.0 = Debug|Win32
		{7948B1FB-3683-43F1-926F-1BB63F7F0B8E}.Release|x64.ActiveCfg = Release|x64
		{7948B1FB-3683-43F1-926F-1BB63F7F0B8E}.Release|x64.Build.0 = Release|x64
		{7948B1FB-3683-43F1-926F-1BB63F7F0B8E}.Release|x86.ActiveCfg = Release|Win32
		{7948B1FB-3683-43F1-926F-1BB63F7F0B8E}.Release|x86.Build.0 = Release|Win32
		{AC6052C5-A998-49EE-8972-3EE5D2AA912E}.Debug|x64.ActiveCfg = Debug|x64
		{AC6052C5-A998-49EE-8972-3EE5D2AA912E}.Debug|x64.Build.0 = Debug|x64
		{AC6052C5-A998-49EE-8972-3EE5D2AA912E}.Debug|x86.ActiveCfg = Debug|Win32
		{AC6052C5-A998-49EE-8972-3EE5D2AA912E}.Debug|x86.Build.0 = Debug|Win32
		{AC6052C5-A998-49EE-8972-3EE5D2AA912E}.Release|x64.ActiveCfg = Release|x64
		{AC6052C5-A998-49EE-8972-3EE5D2AA912E}.Release|x64.Build.0 = Release|x64
		{AC6052C5-A998-49EE-8972-3EE5D2AA912E}.Release|x86.ActiveCfg = Release|Win32
		{AC6052C5-A998-49EE-8972-3EE5D2AA912E}.Release|x86.Build.0 = Release|Win32
	EndGlobalSection
	GlobalSection(SolutionProperties) = preSolution
		HideSolutionNode = FALSE
	EndGlobalSection
	GlobalSection(ExtensibilityGlobals) = postSolution
		SolutionGuid = {1ED00160-26CD-4D00-9839-F013161E6396}
	EndGlobalSection
EndGlobal
