
Microsoft Visual Studio Solution File, Format Version 12.00
# Visual Studio Version 16
VisualStudioVersion = 16.0.30523.141
MinimumVisualStudioVersion = 10.0.40219.1
Project("{8BC9CEB8-8B4A-11D0-8D11-00A0C91BC942}") = "Lab-B", "Lab-B.vcxproj", "{AD9AC0C3-185A-491B-AA15-1C8CD77D95B7}"
EndProject
Project("{8BC9CEB8-8B4A-11D0-8D11-00A0C91BC942}") = "memallocator_test", "..\memallocator_test\memallocator_test.vcxproj", "{90BD3BDB-83B0-47AB-86D8-32851EF5E0B1}"
EndProject
Global
	GlobalSection(SolutionConfigurationPlatforms) = preSolution
		Debug|x64 = Debug|x64
		Debug|x86 = Debug|x86
		Release|x64 = Release|x64
		Release|x86 = Release|x86
	EndGlobalSection
	GlobalSection(ProjectConfigurationPlatforms) = postSolution
		{AD9AC0C3-185A-491B-AA15-1C8CD77D95B7}.Debug|x64.ActiveCfg = Debug|x64
		{AD9AC0C3-185A-491B-AA15-1C8CD77D95B7}.Debug|x64.Build.0 = Debug|x64
		{AD9AC0C3-185A-491B-AA15-1C8CD77D95B7}.Debug|x86.ActiveCfg = Debug|Win32
		{AD9AC0C3-185A-491B-AA15-1C8CD77D95B7}.Debug|x86.Build.0 = Debug|Win32
		{AD9AC0C3-185A-491B-AA15-1C8CD77D95B7}.Release|x64.ActiveCfg = Release|x64
		{AD9AC0C3-185A-491B-AA15-1C8CD77D95B7}.Release|x64.Build.0 = Release|x64
		{AD9AC0C3-185A-491B-AA15-1C8CD77D95B7}.Release|x86.ActiveCfg = Release|Win32
		{AD9AC0C3-185A-491B-AA15-1C8CD77D95B7}.Release|x86.Build.0 = Release|Win32
		{90BD3BDB-83B0-47AB-86D8-32851EF5E0B1}.Debug|x64.ActiveCfg = Debug|x64
		{90BD3BDB-83B0-47AB-86D8-32851EF5E0B1}.Debug|x64.Build.0 = Debug|x64
		{90BD3BDB-83B0-47AB-86D8-32851EF5E0B1}.Debug|x86.ActiveCfg = Debug|Win32
		{90BD3BDB-83B0-47AB-86D8-32851EF5E0B1}.Debug|x86.Build.0 = Debug|Win32
		{90BD3BDB-83B0-47AB-86D8-32851EF5E0B1}.Release|x64.ActiveCfg = Release|x64
		{90BD3BDB-83B0-47AB-86D8-32851EF5E0B1}.Release|x64.Build.0 = Release|x64
		{90BD3BDB-83B0-47AB-86D8-32851EF5E0B1}.Release|x86.ActiveCfg = Release|Win32
		{90BD3BDB-83B0-47AB-86D8-32851EF5E0B1}.Release|x86.Build.0 = Release|Win32
	EndGlobalSection
	GlobalSection(SolutionProperties) = preSolution
		HideSolutionNode = FALSE
	EndGlobalSection
	GlobalSection(ExtensibilityGlobals) = postSolution
		SolutionGuid = {6908EDB3-1454-4092-BEC7-127DC8654BC3}
	EndGlobalSection
EndGlobal
