
Microsoft Visual Studio Solution File, Format Version 12.00
# Visual Studio Version 16
VisualStudioVersion = 16.0.30517.126
MinimumVisualStudioVersion = 10.0.40219.1
Project("{8BC9CEB8-8B4A-11D0-8D11-00A0C91BC942}") = "TaskB", "TaskB.vcxproj", "{752EFE49-4AB6-412E-8F7A-48F1D526BAFD}"
EndProject
Project("{8BC9CEB8-8B4A-11D0-8D11-00A0C91BC942}") = "UnitTests", "UnitTests\UnitTests.vcxproj", "{0E2DA274-4F3E-49BC-BF67-D0EE2668E467}"
EndProject
Global
	GlobalSection(SolutionConfigurationPlatforms) = preSolution
		Debug|x64 = Debug|x64
		Debug|x86 = Debug|x86
		Release|x64 = Release|x64
		Release|x86 = Release|x86
	EndGlobalSection
	GlobalSection(ProjectConfigurationPlatforms) = postSolution
		{752EFE49-4AB6-412E-8F7A-48F1D526BAFD}.Debug|x64.ActiveCfg = Debug|x64
		{752EFE49-4AB6-412E-8F7A-48F1D526BAFD}.Debug|x64.Build.0 = Debug|x64
		{752EFE49-4AB6-412E-8F7A-48F1D526BAFD}.Debug|x86.ActiveCfg = Debug|Win32
		{752EFE49-4AB6-412E-8F7A-48F1D526BAFD}.Debug|x86.Build.0 = Debug|Win32
		{752EFE49-4AB6-412E-8F7A-48F1D526BAFD}.Release|x64.ActiveCfg = Release|x64
		{752EFE49-4AB6-412E-8F7A-48F1D526BAFD}.Release|x64.Build.0 = Release|x64
		{752EFE49-4AB6-412E-8F7A-48F1D526BAFD}.Release|x86.ActiveCfg = Release|Win32
		{752EFE49-4AB6-412E-8F7A-48F1D526BAFD}.Release|x86.Build.0 = Release|Win32
		{0E2DA274-4F3E-49BC-BF67-D0EE2668E467}.Debug|x64.ActiveCfg = Debug|x64
		{0E2DA274-4F3E-49BC-BF67-D0EE2668E467}.Debug|x64.Build.0 = Debug|x64
		{0E2DA274-4F3E-49BC-BF67-D0EE2668E467}.Debug|x86.ActiveCfg = Debug|Win32
		{0E2DA274-4F3E-49BC-BF67-D0EE2668E467}.Debug|x86.Build.0 = Debug|Win32
		{0E2DA274-4F3E-49BC-BF67-D0EE2668E467}.Release|x64.ActiveCfg = Release|x64
		{0E2DA274-4F3E-49BC-BF67-D0EE2668E467}.Release|x64.Build.0 = Release|x64
		{0E2DA274-4F3E-49BC-BF67-D0EE2668E467}.Release|x86.ActiveCfg = Release|Win32
		{0E2DA274-4F3E-49BC-BF67-D0EE2668E467}.Release|x86.Build.0 = Release|Win32
	EndGlobalSection
	GlobalSection(SolutionProperties) = preSolution
		HideSolutionNode = FALSE
	EndGlobalSection
	GlobalSection(ExtensibilityGlobals) = postSolution
		SolutionGuid = {D417C462-9115-4A1F-9E20-AE6392680F99}
	EndGlobalSection
EndGlobal
