
Microsoft Visual Studio Solution File, Format Version 12.00
# Visual Studio Version 16
VisualStudioVersion = 16.0.30621.155
MinimumVisualStudioVersion = 10.0.40219.1
Project("{8BC9CEB8-8B4A-11D0-8D11-00A0C91BC942}") = "Laba_2_15", "Laba_2_15\Laba_2_15.vcxproj", "{0862FE21-3153-4D5B-954F-F237D263E953}"
EndProject
Project("{8BC9CEB8-8B4A-11D0-8D11-00A0C91BC942}") = "Test", "Test\Test.vcxproj", "{354AA30A-418D-4C04-B045-016AEF4EEA7D}"
EndProject
Global
	GlobalSection(SolutionConfigurationPlatforms) = preSolution
		Debug|x64 = Debug|x64
		Debug|x86 = Debug|x86
		Release|x64 = Release|x64
		Release|x86 = Release|x86
	EndGlobalSection
	GlobalSection(ProjectConfigurationPlatforms) = postSolution
		{0862FE21-3153-4D5B-954F-F237D263E953}.Debug|x64.ActiveCfg = Debug|x64
		{0862FE21-3153-4D5B-954F-F237D263E953}.Debug|x64.Build.0 = Debug|x64
		{0862FE21-3153-4D5B-954F-F237D263E953}.Debug|x86.ActiveCfg = Debug|Win32
		{0862FE21-3153-4D5B-954F-F237D263E953}.Debug|x86.Build.0 = Debug|Win32
		{0862FE21-3153-4D5B-954F-F237D263E953}.Release|x64.ActiveCfg = Release|x64
		{0862FE21-3153-4D5B-954F-F237D263E953}.Release|x64.Build.0 = Release|x64
		{0862FE21-3153-4D5B-954F-F237D263E953}.Release|x86.ActiveCfg = Release|Win32
		{0862FE21-3153-4D5B-954F-F237D263E953}.Release|x86.Build.0 = Release|Win32
		{354AA30A-418D-4C04-B045-016AEF4EEA7D}.Debug|x64.ActiveCfg = Debug|x64
		{354AA30A-418D-4C04-B045-016AEF4EEA7D}.Debug|x64.Build.0 = Debug|x64
		{354AA30A-418D-4C04-B045-016AEF4EEA7D}.Debug|x86.ActiveCfg = Debug|Win32
		{354AA30A-418D-4C04-B045-016AEF4EEA7D}.Debug|x86.Build.0 = Debug|Win32
		{354AA30A-418D-4C04-B045-016AEF4EEA7D}.Release|x64.ActiveCfg = Release|x64
		{354AA30A-418D-4C04-B045-016AEF4EEA7D}.Release|x64.Build.0 = Release|x64
		{354AA30A-418D-4C04-B045-016AEF4EEA7D}.Release|x86.ActiveCfg = Release|Win32
		{354AA30A-418D-4C04-B045-016AEF4EEA7D}.Release|x86.Build.0 = Release|Win32
	EndGlobalSection
	GlobalSection(SolutionProperties) = preSolution
		HideSolutionNode = FALSE
	EndGlobalSection
	GlobalSection(ExtensibilityGlobals) = postSolution
		SolutionGuid = {7CC04DF4-2016-4CAB-BFB8-DBC4676D182D}
	EndGlobalSection
EndGlobal
