
Microsoft Visual Studio Solution File, Format Version 12.00
# Visual Studio Version 16
VisualStudioVersion = 16.0.29806.167
MinimumVisualStudioVersion = 10.0.40219.1
Project("{8BC9CEB8-8B4A-11D0-8D11-00A0C91BC942}") = "LabE", "LabE.vcxproj", "{D73A2D17-7CCD-4DB5-A41D-8E345FC726EB}"
EndProject
Global
	GlobalSection(SolutionConfigurationPlatforms) = preSolution
		Debug|x64 = Debug|x64
		Debug|x86 = Debug|x86
		Release|x64 = Release|x64
		Release|x86 = Release|x86
	EndGlobalSection
	GlobalSection(ProjectConfigurationPlatforms) = postSolution
		{D73A2D17-7CCD-4DB5-A41D-8E345FC726EB}.Debug|x64.ActiveCfg = Debug|x64
		{D73A2D17-7CCD-4DB5-A41D-8E345FC726EB}.Debug|x64.Build.0 = Debug|x64
		{D73A2D17-7CCD-4DB5-A41D-8E345FC726EB}.Debug|x86.ActiveCfg = Debug|Win32
		{D73A2D17-7CCD-4DB5-A41D-8E345FC726EB}.Debug|x86.Build.0 = Debug|Win32
		{D73A2D17-7CCD-4DB5-A41D-8E345FC726EB}.Release|x64.ActiveCfg = Release|x64
		{D73A2D17-7CCD-4DB5-A41D-8E345FC726EB}.Release|x64.Build.0 = Release|x64
		{D73A2D17-7CCD-4DB5-A41D-8E345FC726EB}.Release|x86.ActiveCfg = Release|Win32
		{D73A2D17-7CCD-4DB5-A41D-8E345FC726EB}.Release|x86.Build.0 = Release|Win32
	EndGlobalSection
	GlobalSection(SolutionProperties) = preSolution
		HideSolutionNode = FALSE
	EndGlobalSection
	GlobalSection(ExtensibilityGlobals) = postSolution
		SolutionGuid = {F726523A-D871-4E21-B2B0-50CBE84C1285}
	EndGlobalSection
EndGlobal
