
Microsoft Visual Studio Solution File, Format Version 12.00
# Visual Studio Version 16
VisualStudioVersion = 16.0.30503.244
MinimumVisualStudioVersion = 10.0.40219.1
Project("{8BC9CEB8-8B4A-11D0-8D11-00A0C91BC942}") = "DataStructureConsole", "DataStructureConsole\DataStructureConsole.vcxproj", "{01F75A97-291E-4F41-A93D-73F930405AEA}"
EndProject
Project("{8BC9CEB8-8B4A-11D0-8D11-00A0C91BC942}") = "BTree", "BTree\BTree.vcxproj", "{C7112073-34B6-477D-9F50-83D3B02A0352}"
EndProject
Project("{8BC9CEB8-8B4A-11D0-8D11-00A0C91BC942}") = "UnitTests", "UnitTests\UnitTests.vcxproj", "{482EC186-1296-42E4-BDD1-EEA3BB592936}"
EndProject
Project("{2150E333-8FDC-42A3-9474-1A3956D46DE8}") = "Solution Items", "Solution Items", "{7958CB25-7E0F-45CD-9EAA-AEB8EE3F1A14}"
	ProjectSection(SolutionItems) = preProject
		LAB_I.c = LAB_I.c
	EndProjectSection
EndProject
Global
	GlobalSection(SolutionConfigurationPlatforms) = preSolution
		Debug|x64 = Debug|x64
		Debug|x86 = Debug|x86
		Release|x64 = Release|x64
		Release|x86 = Release|x86
	EndGlobalSection
	GlobalSection(ProjectConfigurationPlatforms) = postSolution
		{01F75A97-291E-4F41-A93D-73F930405AEA}.Debug|x64.ActiveCfg = Debug|x64
		{01F75A97-291E-4F41-A93D-73F930405AEA}.Debug|x64.Build.0 = Debug|x64
		{01F75A97-291E-4F41-A93D-73F930405AEA}.Debug|x86.ActiveCfg = Debug|Win32
		{01F75A97-291E-4F41-A93D-73F930405AEA}.Debug|x86.Build.0 = Debug|Win32
		{01F75A97-291E-4F41-A93D-73F930405AEA}.Release|x64.ActiveCfg = Release|x64
		{01F75A97-291E-4F41-A93D-73F930405AEA}.Release|x64.Build.0 = Release|x64
		{01F75A97-291E-4F41-A93D-73F930405AEA}.Release|x86.ActiveCfg = Release|Win32
		{01F75A97-291E-4F41-A93D-73F930405AEA}.Release|x86.Build.0 = Release|Win32
		{C7112073-34B6-477D-9F50-83D3B02A0352}.Debug|x64.ActiveCfg = Debug|x64
		{C7112073-34B6-477D-9F50-83D3B02A0352}.Debug|x64.Build.0 = Debug|x64
		{C7112073-34B6-477D-9F50-83D3B02A0352}.Debug|x86.ActiveCfg = Debug|Win32
		{C7112073-34B6-477D-9F50-83D3B02A0352}.Debug|x86.Build.0 = Debug|Win32
		{C7112073-34B6-477D-9F50-83D3B02A0352}.Release|x64.ActiveCfg = Release|x64
		{C7112073-34B6-477D-9F50-83D3B02A0352}.Release|x64.Build.0 = Release|x64
		{C7112073-34B6-477D-9F50-83D3B02A0352}.Release|x86.ActiveCfg = Release|Win32
		{C7112073-34B6-477D-9F50-83D3B02A0352}.Release|x86.Build.0 = Release|Win32
		{482EC186-1296-42E4-BDD1-EEA3BB592936}.Debug|x64.ActiveCfg = Debug|x64
		{482EC186-1296-42E4-BDD1-EEA3BB592936}.Debug|x64.Build.0 = Debug|x64
		{482EC186-1296-42E4-BDD1-EEA3BB592936}.Debug|x86.ActiveCfg = Debug|Win32
		{482EC186-1296-42E4-BDD1-EEA3BB592936}.Debug|x86.Build.0 = Debug|Win32
		{482EC186-1296-42E4-BDD1-EEA3BB592936}.Release|x64.ActiveCfg = Release|x64
		{482EC186-1296-42E4-BDD1-EEA3BB592936}.Release|x64.Build.0 = Release|x64
		{482EC186-1296-42E4-BDD1-EEA3BB592936}.Release|x86.ActiveCfg = Release|Win32
		{482EC186-1296-42E4-BDD1-EEA3BB592936}.Release|x86.Build.0 = Release|Win32
	EndGlobalSection
	GlobalSection(SolutionProperties) = preSolution
		HideSolutionNode = FALSE
	EndGlobalSection
	GlobalSection(ExtensibilityGlobals) = postSolution
		SolutionGuid = {BB1E175F-09A2-4B0E-80E6-CD1022D5560C}
	EndGlobalSection
EndGlobal
